
Microsoft Visual Studio Solution File, Format Version 12.00
# Visual Studio Version 16
VisualStudioVersion = 16.0.30621.155
MinimumVisualStudioVersion = 10.0.40219.1
Project("{FAE04EC0-301F-11D3-BF4B-00C04F79EFBC}") = "Isbutik 1", "Isbutik 1\Isbutik 1.csproj", "{877809DC-7AC3-41B1-810B-F0EC9379BC78}"
EndProject
Global
	GlobalSection(SolutionConfigurationPlatforms) = preSolution
		Debug|Any CPU = Debug|Any CPU
		Release|Any CPU = Release|Any CPU
	EndGlobalSection
	GlobalSection(ProjectConfigurationPlatforms) = postSolution
		{877809DC-7AC3-41B1-810B-F0EC9379BC78}.Debug|Any CPU.ActiveCfg = Debug|Any CPU
		{877809DC-7AC3-41B1-810B-F0EC9379BC78}.Debug|Any CPU.Build.0 = Debug|Any CPU
		{877809DC-7AC3-41B1-810B-F0EC9379BC78}.Release|Any CPU.ActiveCfg = Release|Any CPU
		{877809DC-7AC3-41B1-810B-F0EC9379BC78}.Release|Any CPU.Build.0 = Release|Any CPU
	EndGlobalSection
	GlobalSection(SolutionProperties) = preSolution
		HideSolutionNode = FALSE
	EndGlobalSection
	GlobalSection(ExtensibilityGlobals) = postSolution
		SolutionGuid = {908B8F1A-2954-4DC4-8050-B2577C663745}
	EndGlobalSection
EndGlobal
